
Microsoft Visual Studio Solution File, Format Version 12.00
# Visual Studio Version 17
VisualStudioVersion = 17.2.32516.85
MinimumVisualStudioVersion = 10.0.40219.1
Project("{FAE04EC0-301F-11D3-BF4B-00C04F79EFBC}") = "Proj Final", "Proj Final\Proj Final.csproj", "{F69132B2-18D0-473E-BF1B-7E477C52D097}"
EndProject
Global
	GlobalSection(SolutionConfigurationPlatforms) = preSolution
		Debug|Any CPU = Debug|Any CPU
		Release|Any CPU = Release|Any CPU
	EndGlobalSection
	GlobalSection(ProjectConfigurationPlatforms) = postSolution
		{F69132B2-18D0-473E-BF1B-7E477C52D097}.Debug|Any CPU.ActiveCfg = Debug|Any CPU
		{F69132B2-18D0-473E-BF1B-7E477C52D097}.Debug|Any CPU.Build.0 = Debug|Any CPU
		{F69132B2-18D0-473E-BF1B-7E477C52D097}.Release|Any CPU.ActiveCfg = Release|Any CPU
		{F69132B2-18D0-473E-BF1B-7E477C52D097}.Release|Any CPU.Build.0 = Release|Any CPU
	EndGlobalSection
	GlobalSection(SolutionProperties) = preSolution
		HideSolutionNode = FALSE
	EndGlobalSection
	GlobalSection(ExtensibilityGlobals) = postSolution
		SolutionGuid = {0CA66996-7B94-42A6-83FD-37956BAFB112}
	EndGlobalSection
EndGlobal
